
Microsoft Visual Studio Solution File, Format Version 12.00
# Visual Studio Version 16
VisualStudioVersion = 16.0.31019.35
MinimumVisualStudioVersion = 10.0.40219.1
Project("{FAE04EC0-301F-11D3-BF4B-00C04F79EFBC}") = "Line_Comparision", "Line_Comparision\Line_Comparision.csproj", "{CE44BDF3-9388-4A32-8187-E46F652D002E}"
EndProject
Global
	GlobalSection(SolutionConfigurationPlatforms) = preSolution
		Debug|Any CPU = Debug|Any CPU
		Release|Any CPU = Release|Any CPU
	EndGlobalSection
	GlobalSection(ProjectConfigurationPlatforms) = postSolution
		{CE44BDF3-9388-4A32-8187-E46F652D002E}.Debug|Any CPU.ActiveCfg = Debug|Any CPU
		{CE44BDF3-9388-4A32-8187-E46F652D002E}.Debug|Any CPU.Build.0 = Debug|Any CPU
		{CE44BDF3-9388-4A32-8187-E46F652D002E}.Release|Any CPU.ActiveCfg = Release|Any CPU
		{CE44BDF3-9388-4A32-8187-E46F652D002E}.Release|Any CPU.Build.0 = Release|Any CPU
	EndGlobalSection
	GlobalSection(SolutionProperties) = preSolution
		HideSolutionNode = FALSE
	EndGlobalSection
	GlobalSection(ExtensibilityGlobals) = postSolution
		SolutionGuid = {B9475C2D-41E1-47EE-BA1F-C8B658CE47E9}
	EndGlobalSection
EndGlobal
